
Microsoft Visual Studio Solution File, Format Version 12.00
# Visual Studio Version 17
VisualStudioVersion = 17.6.33815.320
MinimumVisualStudioVersion = 10.0.40219.1
Project("{8BC9CEB8-8B4A-11D0-8D11-00A0C91BC942}") = "Audio", "Source\Engine\Audio\Audio.vcxproj", "{E3CBB236-A553-4C61-92E7-03748B214E3A}"
EndProject
Project("{8BC9CEB8-8B4A-11D0-8D11-00A0C91BC942}") = "Core", "Source\Engine\Core\Core.vcxproj", "{60CBC4B8-E6B2-4F62-83FD-1891AA35498A}"
EndProject
Project("{8BC9CEB8-8B4A-11D0-8D11-00A0C91BC942}") = "Framework", "Source\Engine\Framework\Framework.vcxproj", "{FDD87743-0B3B-4EE5-BD53-E66C86DF02B9}"
EndProject
Project("{8BC9CEB8-8B4A-11D0-8D11-00A0C91BC942}") = "Input", "Source\Engine\Input\Input.vcxproj", "{119D5360-BAC6-4A81-8161-E93044498B0A}"
EndProject
Project("{8BC9CEB8-8B4A-11D0-8D11-00A0C91BC942}") = "Renderer", "Source\Engine\Renderer\Renderer.vcxproj", "{D8418874-10E0-4B10-A28F-73BE1AA8D7F3}"
EndProject
Project("{8BC9CEB8-8B4A-11D0-8D11-00A0C91BC942}") = "Game", "Source\Game\Game\Game.vcxproj", "{1D79928C-86CF-4541-945C-3B3790A4ED33}"
EndProject
Project("{2150E333-8FDC-42A3-9474-1A3956D46DE8}") = "Game", "Game", "{0B9D05F5-B839-4113-A6B2-FA5A075BC030}"
EndProject
Project("{2150E333-8FDC-42A3-9474-1A3956D46DE8}") = "Engine", "Engine", "{B895DFD9-F505-4755-B795-94271EBC92A1}"
EndProject
Global
	GlobalSection(SolutionConfigurationPlatforms) = preSolution
		Debug|x64 = Debug|x64
		Debug|x86 = Debug|x86
		Release|x64 = Release|x64
		Release|x86 = Release|x86
	EndGlobalSection
	GlobalSection(ProjectConfigurationPlatforms) = postSolution
		{E3CBB236-A553-4C61-92E7-03748B214E3A}.Debug|x64.ActiveCfg = Debug|x64
		{E3CBB236-A553-4C61-92E7-03748B214E3A}.Debug|x64.Build.0 = Debug|x64
		{E3CBB236-A553-4C61-92E7-03748B214E3A}.Debug|x86.ActiveCfg = Debug|Win32
		{E3CBB236-A553-4C61-92E7-03748B214E3A}.Debug|x86.Build.0 = Debug|Win32
		{E3CBB236-A553-4C61-92E7-03748B214E3A}.Release|x64.ActiveCfg = Release|x64
		{E3CBB236-A553-4C61-92E7-03748B214E3A}.Release|x64.Build.0 = Release|x64
		{E3CBB236-A553-4C61-92E7-03748B214E3A}.Release|x86.ActiveCfg = Release|Win32
		{E3CBB236-A553-4C61-92E7-03748B214E3A}.Release|x86.Build.0 = Release|Win32
		{60CBC4B8-E6B2-4F62-83FD-1891AA35498A}.Debug|x64.ActiveCfg = Debug|x64
		{60CBC4B8-E6B2-4F62-83FD-1891AA35498A}.Debug|x64.Build.0 = Debug|x64
		{60CBC4B8-E6B2-4F62-83FD-1891AA35498A}.Debug|x86.ActiveCfg = Debug|Win32
		{60CBC4B8-E6B2-4F62-83FD-1891AA35498A}.Debug|x86.Build.0 = Debug|Win32
		{60CBC4B8-E6B2-4F62-83FD-1891AA35498A}.Release|x64.ActiveCfg = Release|x64
		{60CBC4B8-E6B2-4F62-83FD-1891AA35498A}.Release|x64.Build.0 = Release|x64
		{60CBC4B8-E6B2-4F62-83FD-1891AA35498A}.Release|x86.ActiveCfg = Release|Win32
		{60CBC4B8-E6B2-4F62-83FD-1891AA35498A}.Release|x86.Build.0 = Release|Win32
		{FDD87743-0B3B-4EE5-BD53-E66C86DF02B9}.Debug|x64.ActiveCfg = Debug|x64
		{FDD87743-0B3B-4EE5-BD53-E66C86DF02B9}.Debug|x64.Build.0 = Debug|x64
		{FDD87743-0B3B-4EE5-BD53-E66C86DF02B9}.Debug|x86.ActiveCfg = Debug|Win32
		{FDD87743-0B3B-4EE5-BD53-E66C86DF02B9}.Debug|x86.Build.0 = Debug|Win32
		{FDD87743-0B3B-4EE5-BD53-E66C86DF02B9}.Release|x64.ActiveCfg = Release|x64
		{FDD87743-0B3B-4EE5-BD53-E66C86DF02B9}.Release|x64.Build.0 = Release|x64
		{FDD87743-0B3B-4EE5-BD53-E66C86DF02B9}.Release|x86.ActiveCfg = Release|Win32
		{FDD87743-0B3B-4EE5-BD53-E66C86DF02B9}.Release|x86.Build.0 = Release|Win32
		{119D5360-BAC6-4A81-8161-E93044498B0A}.Debug|x64.ActiveCfg = Debug|x64
		{119D5360-BAC6-4A81-8161-E93044498B0A}.Debug|x64.Build.0 = Debug|x64
		{119D5360-BAC6-4A81-8161-E93044498B0A}.Debug|x86.ActiveCfg = Debug|Win32
		{119D5360-BAC6-4A81-8161-E93044498B0A}.Debug|x86.Build.0 = Debug|Win32
		{119D5360-BAC6-4A81-8161-E93044498B0A}.Release|x64.ActiveCfg = Release|x64
		{119D5360-BAC6-4A81-8161-E93044498B0A}.Release|x64.Build.0 = Release|x64
		{119D5360-BAC6-4A81-8161-E93044498B0A}.Release|x86.ActiveCfg = Release|Win32
		{119D5360-BAC6-4A81-8161-E93044498B0A}.Release|x86.Build.0 = Release|Win32
		{D8418874-10E0-4B10-A28F-73BE1AA8D7F3}.Debug|x64.ActiveCfg = Debug|x64
		{D8418874-10E0-4B10-A28F-73BE1AA8D7F3}.Debug|x64.Build.0 = Debug|x64
		{D8418874-10E0-4B10-A28F-73BE1AA8D7F3}.Debug|x86.ActiveCfg = Debug|Win32
		{D8418874-10E0-4B10-A28F-73BE1AA8D7F3}.Debug|x86.Build.0 = Debug|Win32
		{D8418874-10E0-4B10-A28F-73BE1AA8D7F3}.Release|x64.ActiveCfg = Release|x64
		{D8418874-10E0-4B10-A28F-73BE1AA8D7F3}.Release|x64.Build.0 = Release|x64
		{D8418874-10E0-4B10-A28F-73BE1AA8D7F3}.Release|x86.ActiveCfg = Release|Win32
		{D8418874-10E0-4B10-A28F-73BE1AA8D7F3}.Release|x86.Build.0 = Release|Win32
		{1D79928C-86CF-4541-945C-3B3790A4ED33}.Debug|x64.ActiveCfg = Debug|x64
		{1D79928C-86CF-4541-945C-3B3790A4ED33}.Debug|x64.Build.0 = Debug|x64
		{1D79928C-86CF-4541-945C-3B3790A4ED33}.Debug|x86.ActiveCfg = Debug|Win32
		{1D79928C-86CF-4541-945C-3B3790A4ED33}.Debug|x86.Build.0 = Debug|Win32
		{1D79928C-86CF-4541-945C-3B3790A4ED33}.Release|x64.ActiveCfg = Release|x64
		{1D79928C-86CF-4541-945C-3B3790A4ED33}.Release|x64.Build.0 = Release|x64
		{1D79928C-86CF-4541-945C-3B3790A4ED33}.Release|x86.ActiveCfg = Release|Win32
		{1D79928C-86CF-4541-945C-3B3790A4ED33}.Release|x86.Build.0 = Release|Win32
	EndGlobalSection
	GlobalSection(SolutionProperties) = preSolution
		HideSolutionNode = FALSE
	EndGlobalSection
	GlobalSection(NestedProjects) = preSolution
		{E3CBB236-A553-4C61-92E7-03748B214E3A} = {B895DFD9-F505-4755-B795-94271EBC92A1}
		{60CBC4B8-E6B2-4F62-83FD-1891AA35498A} = {B895DFD9-F505-4755-B795-94271EBC92A1}
		{FDD87743-0B3B-4EE5-BD53-E66C86DF02B9} = {B895DFD9-F505-4755-B795-94271EBC92A1}
		{119D5360-BAC6-4A81-8161-E93044498B0A} = {B895DFD9-F505-4755-B795-94271EBC92A1}
		{D8418874-10E0-4B10-A28F-73BE1AA8D7F3} = {B895DFD9-F505-4755-B795-94271EBC92A1}
		{1D79928C-86CF-4541-945C-3B3790A4ED33} = {0B9D05F5-B839-4113-A6B2-FA5A075BC030}
	EndGlobalSection
	GlobalSection(ExtensibilityGlobals) = postSolution
		SolutionGuid = {F325E808-715D-43DF-B349-DD8535E533E1}
	EndGlobalSection
EndGlobal
